
Microsoft Visual Studio Solution File, Format Version 12.00
# Visual Studio Version 17
VisualStudioVersion = 17.8.34330.188
MinimumVisualStudioVersion = 10.0.40219.1
Project("{FAE04EC0-301F-11D3-BF4B-00C04F79EFBC}") = "Algorithm", "Algorithm\Algorithm.csproj", "{A3CE6A6D-07E7-4388-9730-70060D37201A}"
EndProject
Global
	GlobalSection(SolutionConfigurationPlatforms) = preSolution
		Debug|Any CPU = Debug|Any CPU
		Release|Any CPU = Release|Any CPU
	EndGlobalSection
	GlobalSection(ProjectConfigurationPlatforms) = postSolution
		{A3CE6A6D-07E7-4388-9730-70060D37201A}.Debug|Any CPU.ActiveCfg = Debug|Any CPU
		{A3CE6A6D-07E7-4388-9730-70060D37201A}.Debug|Any CPU.Build.0 = Debug|Any CPU
		{A3CE6A6D-07E7-4388-9730-70060D37201A}.Release|Any CPU.ActiveCfg = Release|Any CPU
		{A3CE6A6D-07E7-4388-9730-70060D37201A}.Release|Any CPU.Build.0 = Release|Any CPU
	EndGlobalSection
	GlobalSection(SolutionProperties) = preSolution
		HideSolutionNode = FALSE
	EndGlobalSection
	GlobalSection(ExtensibilityGlobals) = postSolution
		SolutionGuid = {180E9E62-BF37-4DDE-8EF7-76CBA58EB09D}
	EndGlobalSection
EndGlobal
